// !$*UTF8*$!
{
	archiveVersion = 1;
	classes = {
	};
	objectVersion = 55;
	objects = {

/* Begin PBXBuildFile section */
		1257F924284A239200EA6640 /* BubbleSort.c in Sources */ = {isa = PBXBuildFile; fileRef = 1257F923284A239200EA6640 /* BubbleSort.c */; };
		1257F927284A29C900EA6640 /* InsertSort.c in Sources */ = {isa = PBXBuildFile; fileRef = 1257F926284A29C900EA6640 /* InsertSort.c */; };
		12676969284966E80022F44A /* SelectionSort.c in Sources */ = {isa = PBXBuildFile; fileRef = 12676968284966E80022F44A /* SelectionSort.c */; };
		12DAC0E928480F8F00A3752A /* main.c in Sources */ = {isa = PBXBuildFile; fileRef = 12DAC0E828480F8F00A3752A /* main.c */; };
/* End PBXBuildFile section */

/* Begin PBXCopyFilesBuildPhase section */
		12DAC0E328480F8F00A3752A /* CopyFiles */ = {
			isa = PBXCopyFilesBuildPhase;
			buildActionMask = 2147483647;
			dstPath = /usr/share/man/man1/;
			dstSubfolderSpec = 0;
			files = (
			);
			runOnlyForDeploymentPostprocessing = 1;
		};
/* End PBXCopyFilesBuildPhase section */

/* Begin PBXFileReference section */
		1257F922284A239200EA6640 /* BubbleSort.h */ = {isa = PBXFileReference; lastKnownFileType = sourcecode.c.h; path = BubbleSort.h; sourceTree = "<group>"; };
		1257F923284A239200EA6640 /* BubbleSort.c */ = {isa = PBXFileReference; lastKnownFileType = sourcecode.c.c; path = BubbleSort.c; sourceTree = "<group>"; };
		1257F925284A29C900EA6640 /* InsertSort.h */ = {isa = PBXFileReference; lastKnownFileType = sourcecode.c.h; path = InsertSort.h; sourceTree = "<group>"; };
		1257F926284A29C900EA6640 /* InsertSort.c */ = {isa = PBXFileReference; lastKnownFileType = sourcecode.c.c; path = InsertSort.c; sourceTree = "<group>"; };
		12676967284966E80022F44A /* SelectionSort.h */ = {isa = PBXFileReference; lastKnownFileType = sourcecode.c.h; path = SelectionSort.h; sourceTree = "<group>"; };
		12676968284966E80022F44A /* SelectionSort.c */ = {isa = PBXFileReference; lastKnownFileType = sourcecode.c.c; path = SelectionSort.c; sourceTree = "<group>"; };
		12DAC0E528480F8F00A3752A /* Sort */ = {isa = PBXFileReference; explicitFileType = "compiled.mach-o.executable"; includeInIndex = 0; path = Sort; sourceTree = BUILT_PRODUCTS_DIR; };
		12DAC0E828480F8F00A3752A /* main.c */ = {isa = PBXFileReference; lastKnownFileType = sourcecode.c.c; path = main.c; sourceTree = "<group>"; };
/* End PBXFileReference section */

/* Begin PBXFrameworksBuildPhase section */
		12DAC0E228480F8F00A3752A /* Frameworks */ = {
			isa = PBXFrameworksBuildPhase;
			buildActionMask = 2147483647;
			files = (
			);
			runOnlyForDeploymentPostprocessing = 0;
		};
/* End PBXFrameworksBuildPhase section */

/* Begin PBXGroup section */
		12DAC0DC28480F8F00A3752A = {
			isa = PBXGroup;
			children = (
				1257F925284A29C900EA6640 /* InsertSort.h */,
				1257F926284A29C900EA6640 /* InsertSort.c */,
				1257F922284A239200EA6640 /* BubbleSort.h */,
				1257F923284A239200EA6640 /* BubbleSort.c */,
				12676968284966E80022F44A /* SelectionSort.c */,
				12676967284966E80022F44A /* SelectionSort.h */,
				12DAC0E728480F8F00A3752A /* Sort */,
				12DAC0E628480F8F00A3752A /* Products */,
			);
			sourceTree = "<group>";
		};
		12DAC0E628480F8F00A3752A /* Products */ = {
			isa = PBXGroup;
			children = (
				12DAC0E528480F8F00A3752A /* Sort */,
			);
			name = Products;
			sourceTree = "<group>";
		};
		12DAC0E728480F8F00A3752A /* Sort */ = {
			isa = PBXGroup;
			children = (
				12DAC0E828480F8F00A3752A /* main.c */,
			);
			path = Sort;
			sourceTree = "<group>";
		};
/* End PBXGroup section */

/* Begin PBXNativeTarget section */
		12DAC0E428480F8F00A3752A /* Sort */ = {
			isa = PBXNativeTarget;
			buildConfigurationList = 12DAC0EC28480F8F00A3752A /* Build configuration list for PBXNativeTarget "Sort" */;
			buildPhases = (
				12DAC0E128480F8F00A3752A /* Sources */,
				12DAC0E228480F8F00A3752A /* Frameworks */,
				12DAC0E328480F8F00A3752A /* CopyFiles */,
			);
			buildRules = (
			);
			dependencies = (
			);
			name = Sort;
			productName = Sort;
			productReference = 12DAC0E528480F8F00A3752A /* Sort */;
			productType = "com.apple.product-type.tool";
		};
/* End PBXNativeTarget section */

/* Begin PBXProject section */
		12DAC0DD28480F8F00A3752A /* Project object */ = {
			isa = PBXProject;
			attributes = {
				BuildIndependentTargetsInParallel = 1;
				LastUpgradeCheck = 1340;
				TargetAttributes = {
					12DAC0E428480F8F00A3752A = {
						CreatedOnToolsVersion = 13.4;
					};
				};
			};
			buildConfigurationList = 12DAC0E028480F8F00A3752A /* Build configuration list for PBXProject "Sort" */;
			compatibilityVersion = "Xcode 13.0";
			developmentRegion = en;
			hasScannedForEncodings = 0;
			knownRegions = (
				en,
				Base,
			);
			mainGroup = 12DAC0DC28480F8F00A3752A;
			productRefGroup = 12DAC0E628480F8F00A3752A /* Products */;
			projectDirPath = "";
			projectRoot = "";
			targets = (
				12DAC0E428480F8F00A3752A /* Sort */,
			);
		};
/* End PBXProject section */

/* Begin PBXSourcesBuildPhase section */
		12DAC0E128480F8F00A3752A /* Sources */ = {
			isa = PBXSourcesBuildPhase;
			buildActionMask = 2147483647;
			files = (
				1257F924284A239200EA6640 /* BubbleSort.c in Sources */,
				12676969284966E80022F44A /* SelectionSort.c in Sources */,
				1257F927284A29C900EA6640 /* InsertSort.c in Sources */,
				12DAC0E928480F8F00A3752A /* main.c in Sources */,
			);
			runOnlyForDeploymentPostprocessing = 0;
		};
/* End PBXSourcesBuildPhase section */

/* Begin XCBuildConfiguration section */
		12DAC0EA28480F8F00A3752A /* Debug */ = {
			isa = XCBuildConfiguration;
			buildSettings = {
				ALWAYS_SEARCH_USER_PATHS = NO;
				CLANG_ANALYZER_NONNULL = YES;
				CLANG_ANALYZER_NUMBER_OBJECT_CONVERSION = YES_AGGRESSIVE;
				CLANG_CXX_LANGUAGE_STANDARD = "gnu++17";
				CLANG_ENABLE_MODULES = YES;
				CLANG_ENABLE_OBJC_ARC = YES;
				CLANG_ENABLE_OBJC_WEAK = YES;
				CLANG_WARN_BLOCK_CAPTURE_AUTORELEASING = YES;
				CLANG_WARN_BOOL_CONVERSION = YES;
				CLANG_WARN_COMMA = YES;
				CLANG_WARN_CONSTANT_CONVERSION = YES;
				CLANG_WARN_DEPRECATED_OBJC_IMPLEMENTATIONS = YES;
				CLANG_WARN_DIRECT_OBJC_ISA_USAGE = YES_ERROR;
				CLANG_WARN_DOCUMENTATION_COMMENTS = YES;
				CLANG_WARN_EMPTY_BODY = YES;
				CLANG_WARN_ENUM_CONVERSION = YES;
				CLANG_WARN_INFINITE_RECURSION = YES;
				CLANG_WARN_INT_CONVERSION = YES;
				CLANG_WARN_NON_LITERAL_NULL_CONVERSION = YES;
				CLANG_WARN_OBJC_IMPLICIT_RETAIN_SELF = YES;
				CLANG_WARN_OBJC_LITERAL_CONVERSION = YES;
				CLANG_WARN_OBJC_ROOT_CLASS = YES_ERROR;
				CLANG_WARN_QUOTED_INCLUDE_IN_FRAMEWORK_HEADER = YES;
				CLANG_WARN_RANGE_LOOP_ANALYSIS = YES;
				CLANG_WARN_STRICT_PROTOTYPES = YES;
				CLANG_WARN_SUSPICIOUS_MOVE = YES;
				CLANG_WARN_UNGUARDED_AVAILABILITY = YES_AGGRESSIVE;
				CLANG_WARN_UNREACHABLE_CODE = YES;
				CLANG_WARN__DUPLICATE_METHOD_MATCH = YES;
				COPY_PHASE_STRIP = NO;
				DEBUG_INFORMATION_FORMAT = dwarf;
				ENABLE_STRICT_OBJC_MSGSEND = YES;
				ENABLE_TESTABILITY = YES;
				GCC_C_LANGUAGE_STANDARD = gnu11;
				GCC_DYNAMIC_NO_PIC = NO;
				GCC_NO_COMMON_BLOCKS = YES;
				GCC_OPTIMIZATION_LEVEL = 0;
				GCC_PREPROCESSOR_DEFINITIONS = (
					"DEBUG=1",
					"$(inherited)",
				);
				GCC_WARN_64_TO_32_BIT_CONVERSION = YES;
				GCC_WARN_ABOUT_RETURN_TYPE = YES_ERROR;
				GCC_WARN_UNDECLARED_SELECTOR = YES;
				GCC_WARN_UNINITIALIZED_AUTOS = YES_AGGRESSIVE;
				GCC_WARN_UNUSED_FUNCTION = YES;
				GCC_WARN_UNUSED_VARIABLE = YES;
				MACOSX_DEPLOYMENT_TARGET = 12.3;
				MTL_ENABLE_DEBUG_INFO = INCLUDE_SOURCE;
				MTL_FAST_MATH = YES;
				ONLY_ACTIVE_ARCH = YES;
				SDKROOT = macosx;
			};
			name = Debug;
		};
		12DAC0EB28480F8F00A3752A /* Release */ = {
			isa = XCBuildConfiguration;
			buildSettings = {
				ALWAYS_SEARCH_USER_PATHS = NO;
				CLANG_ANALYZER_NONNULL = YES;
				CLANG_ANALYZER_NUMBER_OBJECT_CONVERSION = YES_AGGRESSIVE;
				CLANG_CXX_LANGUAGE_STANDARD = "gnu++17";
				CLANG_ENABLE_MODULES = YES;
				CLANG_ENABLE_OBJC_ARC = YES;
				CLANG_ENABLE_OBJC_WEAK = YES;
				CLANG_WARN_BLOCK_CAPTURE_AUTORELEASING = YES;
				CLANG_WARN_BOOL_CONVERSION = YES;
				CLANG_WARN_COMMA = YES;
				CLANG_WARN_CONSTANT_CONVERSION = YES;
				CLANG_WARN_DEPRECATED_OBJC_IMPLEMENTATIONS = YES;
				CLANG_WARN_DIRECT_OBJC_ISA_USAGE = YES_ERROR;
				CLANG_WARN_DOCUMENTATION_COMMENTS = YES;
				CLANG_WARN_EMPTY_BODY = YES;
				CLANG_WARN_ENUM_CONVERSION = YES;
				CLANG_WARN_INFINITE_RECURSION = YES;
				CLANG_WARN_INT_CONVERSION = YES;
				CLANG_WARN_NON_LITERAL_NULL_CONVERSION = YES;
				CLANG_WARN_OBJC_IMPLICIT_RETAIN_SELF = YES;
				CLANG_WARN_OBJC_LITERAL_CONVERSION = YES;
				CLANG_WARN_OBJC_ROOT_CLASS = YES_ERROR;
				CLANG_WARN_QUOTED_INCLUDE_IN_FRAMEWORK_HEADER = YES;
				CLANG_WARN_RANGE_LOOP_ANALYSIS = YES;
				CLANG_WARN_STRICT_PROTOTYPES = YES;
				CLANG_WARN_SUSPICIOUS_MOVE = YES;
				CLANG_WARN_UNGUARDED_AVAILABILITY = YES_AGGRESSIVE;
				CLANG_WARN_UNREACHABLE_CODE = YES;
				CLANG_WARN__DUPLICATE_METHOD_MATCH = YES;
				COPY_PHASE_STRIP = NO;
				DEBUG_INFORMATION_FORMAT = "dwarf-with-dsym";
				ENABLE_NS_ASSERTIONS = NO;
				ENABLE_STRICT_OBJC_MSGSEND = YES;
				GCC_C_LANGUAGE_STANDARD = gnu11;
				GCC_NO_COMMON_BLOCKS = YES;
				GCC_WARN_64_TO_32_BIT_CONVERSION = YES;
				GCC_WARN_ABOUT_RETURN_TYPE = YES_ERROR;
				GCC_WARN_UNDECLARED_SELECTOR = YES;
				GCC_WARN_UNINITIALIZED_AUTOS = YES_AGGRESSIVE;
				GCC_WARN_UNUSED_FUNCTION = YES;
				GCC_WARN_UNUSED_VARIABLE = YES;
				MACOSX_DEPLOYMENT_TARGET = 12.3;
				MTL_ENABLE_DEBUG_INFO = NO;
				MTL_FAST_MATH = YES;
				SDKROOT = macosx;
			};
			name = Release;
		};
		12DAC0ED28480F8F00A3752A /* Debug */ = {
			isa = XCBuildConfiguration;
			buildSettings = {
				CODE_SIGN_STYLE = Automatic;
				PRODUCT_NAME = "$(TARGET_NAME)";
			};
			name = Debug;
		};
		12DAC0EE28480F8F00A3752A /* Release */ = {
			isa = XCBuildConfiguration;
			buildSettings = {
				CODE_SIGN_STYLE = Automatic;
				PRODUCT_NAME = "$(TARGET_NAME)";
			};
			name = Release;
		};
/* End XCBuildConfiguration section */

/* Begin XCConfigurationList section */
		12DAC0E028480F8F00A3752A /* Build configuration list for PBXProject "Sort" */ = {
			isa = XCConfigurationList;
			buildConfigurations = (
				12DAC0EA28480F8F00A3752A /* Debug */,
				12DAC0EB28480F8F00A3752A /* Release */,
			);
			defaultConfigurationIsVisible = 0;
			defaultConfigurationName = Release;
		};
		12DAC0EC28480F8F00A3752A /* Build configuration list for PBXNativeTarget "Sort" */ = {
			isa = XCConfigurationList;
			buildConfigurations = (
				12DAC0ED28480F8F00A3752A /* Debug */,
				12DAC0EE28480F8F00A3752A /* Release */,
			);
			defaultConfigurationIsVisible = 0;
			defaultConfigurationName = Release;
		};
/* End XCConfigurationList section */
	};
	rootObject = 12DAC0DD28480F8F00A3752A /* Project object */;
}
